{
  "requires": true,
  "lockfileVersion": 1,
  "dependencies": {
    "react-inputs-validation": {
      "version": "4.4.5",
      "resolved": "https://registry.npmjs.org/react-inputs-validation/-/react-inputs-validation-4.4.5.tgz",
      "integrity": "sha512-o7AAom5Kt/aZRFXrB04VowDXrJIjXgG2xd+gzyhoEyA9kllY6uLmj/oo0ZzNjCtlM28AI5CFoDFKaY9TKZyzpA=="
    }
  }
}
